
Microsoft Visual Studio Solution File, Format Version 12.00
# Visual Studio 15
VisualStudioVersion = 15.0.25920.0
MinimumVisualStudioVersion = 10.0.40219.1
Project("{FAE04EC0-301F-11D3-BF4B-00C04F79EFBC}") = "AbovetheTreeline", "AbovetheTreeline\AbovetheTreeline.csproj", "{1B795851-B512-4915-A001-25A31C4A12E6}"
EndProject
Project("{FAE04EC0-301F-11D3-BF4B-00C04F79EFBC}") = "AbovetheTreeline.Tests", "AbovetheTreeline.Tests\AbovetheTreeline.Tests.csproj", "{40BA059B-6482-47E7-8B0A-DCD7566E8258}"
EndProject
Global
	GlobalSection(SolutionConfigurationPlatforms) = preSolution
		Debug|Any CPU = Debug|Any CPU
		Release|Any CPU = Release|Any CPU
	EndGlobalSection
	GlobalSection(ProjectConfigurationPlatforms) = postSolution
		{1B795851-B512-4915-A001-25A31C4A12E6}.Debug|Any CPU.ActiveCfg = Debug|Any CPU
		{1B795851-B512-4915-A001-25A31C4A12E6}.Debug|Any CPU.Build.0 = Debug|Any CPU
		{1B795851-B512-4915-A001-25A31C4A12E6}.Release|Any CPU.ActiveCfg = Release|Any CPU
		{1B795851-B512-4915-A001-25A31C4A12E6}.Release|Any CPU.Build.0 = Release|Any CPU
		{40BA059B-6482-47E7-8B0A-DCD7566E8258}.Debug|Any CPU.ActiveCfg = Debug|Any CPU
		{40BA059B-6482-47E7-8B0A-DCD7566E8258}.Debug|Any CPU.Build.0 = Debug|Any CPU
		{40BA059B-6482-47E7-8B0A-DCD7566E8258}.Release|Any CPU.ActiveCfg = Release|Any CPU
		{40BA059B-6482-47E7-8B0A-DCD7566E8258}.Release|Any CPU.Build.0 = Release|Any CPU
	EndGlobalSection
	GlobalSection(SolutionProperties) = preSolution
		HideSolutionNode = FALSE
	EndGlobalSection
EndGlobal
